
Microsoft Visual Studio Solution File, Format Version 12.00
# Visual Studio Version 17
VisualStudioVersion = 17.11.35303.130
MinimumVisualStudioVersion = 10.0.40219.1
Project("{FAE04EC0-301F-11D3-BF4B-00C04F79EFBC}") = "TI_lab3", "TI_lab3.csproj", "{3B6788AC-86E4-4512-9215-C016D8948752}"
EndProject
Global
	GlobalSection(SolutionConfigurationPlatforms) = preSolution
		Debug|Any CPU = Debug|Any CPU
		Release|Any CPU = Release|Any CPU
	EndGlobalSection
	GlobalSection(ProjectConfigurationPlatforms) = postSolution
		{3B6788AC-86E4-4512-9215-C016D8948752}.Debug|Any CPU.ActiveCfg = Debug|Any CPU
		{3B6788AC-86E4-4512-9215-C016D8948752}.Debug|Any CPU.Build.0 = Debug|Any CPU
		{3B6788AC-86E4-4512-9215-C016D8948752}.Release|Any CPU.ActiveCfg = Release|Any CPU
		{3B6788AC-86E4-4512-9215-C016D8948752}.Release|Any CPU.Build.0 = Release|Any CPU
	EndGlobalSection
	GlobalSection(SolutionProperties) = preSolution
		HideSolutionNode = FALSE
	EndGlobalSection
	GlobalSection(ExtensibilityGlobals) = postSolution
		SolutionGuid = {FBFA7E26-F94B-4CCA-A9F7-843A8D674358}
	EndGlobalSection
EndGlobal
